
Microsoft Visual Studio Solution File, Format Version 12.00
# Visual Studio Version 17
VisualStudioVersion = 17.9.34728.123
MinimumVisualStudioVersion = 10.0.40219.1
Project("{FAE04EC0-301F-11D3-BF4B-00C04F79EFBC}") = "newProject", "newProject\newProject.csproj", "{8975E3B6-C354-4F8B-A4F7-E329041FC8DF}"
EndProject
Project("{2150E333-8FDC-42A3-9474-1A3956D46DE8}") = "Solution Items", "Solution Items", "{6C8BB182-CE88-465F-AC7C-99FDCF837148}"
	ProjectSection(SolutionItems) = preProject
		.editorconfig = .editorconfig
	EndProjectSection
EndProject
Global
	GlobalSection(SolutionConfigurationPlatforms) = preSolution
		Debug|Any CPU = Debug|Any CPU
		Release|Any CPU = Release|Any CPU
	EndGlobalSection
	GlobalSection(ProjectConfigurationPlatforms) = postSolution
		{8975E3B6-C354-4F8B-A4F7-E329041FC8DF}.Debug|Any CPU.ActiveCfg = Debug|Any CPU
		{8975E3B6-C354-4F8B-A4F7-E329041FC8DF}.Debug|Any CPU.Build.0 = Debug|Any CPU
		{8975E3B6-C354-4F8B-A4F7-E329041FC8DF}.Release|Any CPU.ActiveCfg = Release|Any CPU
		{8975E3B6-C354-4F8B-A4F7-E329041FC8DF}.Release|Any CPU.Build.0 = Release|Any CPU
	EndGlobalSection
	GlobalSection(SolutionProperties) = preSolution
		HideSolutionNode = FALSE
	EndGlobalSection
	GlobalSection(ExtensibilityGlobals) = postSolution
		SolutionGuid = {630DFC17-1576-4628-AB09-F23AD1B6513B}
	EndGlobalSection
EndGlobal
